%{
  "bunt": {:hex, :bunt, "0.2.0", "951c6e801e8b1d2cbe58ebbd3e616a869061ddadcc4863d0a2182541acae9a38", [], [], "hexpm"},
  "chatterbox": {:git, "https://github.com/tony612/chatterbox.git", "c7c2ab4c3e74618cfa78fdbf6444fac3952d194b", [branch: "my-fix"]},
  "connection": {:hex, :connection, "1.0.4", "a1cae72211f0eef17705aaededacac3eb30e6625b04a6117c1b2db6ace7d5976", [], [], "hexpm"},
  "cowboy": {:hex, :cowboy, "2.2.2", "6cde634da1da8b1d17dd2b20f5f6f91ab8ac7fa1b5106d13dad63c905ab76004", [], [{:cowlib, "~> 2.1.0", [hex: :cowlib, repo: "hexpm", optional: false]}, {:ranch, "~> 1.4.0", [hex: :ranch, repo: "hexpm", optional: false]}], "hexpm"},
  "cowlib": {:hex, :cowlib, "2.1.0", "f73658b93dd043af40400c3e4fd997068ebd0c617f8c8f4cd003a1a78ebf94f5", [], [], "hexpm"},
  "credo": {:hex, :credo, "0.9.0-rc3", "7875b537e9723b2d106f192db387d35d823426431fc8462df15286c46858581b", [], [{:bunt, "~> 0.2.0", [hex: :bunt, repo: "hexpm", optional: false]}, {:poison, ">= 0.0.0", [hex: :poison, repo: "hexpm", optional: false]}], "hexpm"},
  "db_connection": {:hex, :db_connection, "1.1.3", "89b30ca1ef0a3b469b1c779579590688561d586694a3ce8792985d4d7e575a61", [], [{:connection, "~> 1.0.2", [hex: :connection, repo: "hexpm", optional: false]}, {:poolboy, "~> 1.5", [hex: :poolboy, repo: "hexpm", optional: true]}, {:sbroker, "~> 1.0", [hex: :sbroker, repo: "hexpm", optional: true]}], "hexpm"},
  "decimal": {:hex, :decimal, "1.4.1", "ad9e501edf7322f122f7fc151cce7c2a0c9ada96f2b0155b8a09a795c2029770", [], [], "hexpm"},
  "ecto": {:hex, :ecto, "2.2.8", "a4463c0928b970f2cee722cd29aaac154e866a15882c5737e0038bbfcf03ec2c", [], [{:db_connection, "~> 1.1", [hex: :db_connection, repo: "hexpm", optional: true]}, {:decimal, "~> 1.2", [hex: :decimal, repo: "hexpm", optional: false]}, {:mariaex, "~> 0.8.0", [hex: :mariaex, repo: "hexpm", optional: true]}, {:poison, "~> 2.2 or ~> 3.0", [hex: :poison, repo: "hexpm", optional: true]}, {:poolboy, "~> 1.5", [hex: :poolboy, repo: "hexpm", optional: false]}, {:postgrex, "~> 0.13.0", [hex: :postgrex, repo: "hexpm", optional: true]}, {:sbroker, "~> 1.0", [hex: :sbroker, repo: "hexpm", optional: true]}], "hexpm"},
  "goldrush": {:git, "https://github.com/basho/goldrush.git", "8f1b715d36b650ec1e1f5612c00e28af6ab0de82", [tag: "0.1.9"]},
  "grpc": {:git, "https://github.com/tony612/grpc-elixir.git", "0d70e235864262995250f9824ea3ecf39a2ea16f", []},
  "hpack": {:git, "https://github.com/joedevivo/hpack.git", "6b58b6231e9b6ab83096715120578976f72f4f7c", [tag: "0.2.3"]},
  "lager": {:git, "https://github.com/basho/lager.git", "81eaef0ce98fdbf64ab95665e3bc2ec4b24c7dac", [tag: "3.2.4"]},
  "poison": {:hex, :poison, "3.1.0", "d9eb636610e096f86f25d9a46f35a9facac35609a7591b3be3326e99a0484665", [], [], "hexpm"},
  "poolboy": {:hex, :poolboy, "1.5.1", "6b46163901cfd0a1b43d692657ed9d7e599853b3b21b95ae5ae0a777cf9b6ca8", [], [], "hexpm"},
  "postgrex": {:hex, :postgrex, "0.13.4", "f58e319c5451bfda86ba6a45ce6dca311193d0a9861323d0d16e8d02e25adc41", [], [{:connection, "~> 1.0", [hex: :connection, repo: "hexpm", optional: false]}, {:db_connection, "~> 1.1", [hex: :db_connection, repo: "hexpm", optional: false]}, {:decimal, "~> 1.0", [hex: :decimal, repo: "hexpm", optional: false]}], "hexpm"},
  "protobuf": {:hex, :protobuf, "0.5.0", "ec9857903f8c49cf01ad5f1340956e19ebe0ef05e225b15b442f33b13031ce08", [], [], "hexpm"},
  "ranch": {:hex, :ranch, "1.4.0", "10272f95da79340fa7e8774ba7930b901713d272905d0012b06ca6d994f8826b", [], [], "hexpm"},
}
